
Microsoft Visual Studio Solution File, Format Version 12.00
# Visual Studio Version 17
VisualStudioVersion = 17.13.35806.99 d17.13
MinimumVisualStudioVersion = 10.0.40219.1
Project("{2150E333-8FDC-42A3-9474-1A3956D46DE8}") = "Presentaion", "Presentaion", "{02EA681E-C7D8-13C7-8484-4AC65E1B71E8}"
EndProject
Project("{FAE04EC0-301F-11D3-BF4B-00C04F79EFBC}") = "WebAPI", "WebAPI\WebAPI.csproj", "{4423B88D-54D0-4255-A54F-9866082BE6A1}"
EndProject
Project("{2150E333-8FDC-42A3-9474-1A3956D46DE8}") = "Application", "Application", "{0CE20260-0087-4D3E-B104-0A4FB1BFE402}"
EndProject
Project("{FAE04EC0-301F-11D3-BF4B-00C04F79EFBC}") = "Main", "Main\Main.csproj", "{AF97CED8-6545-41FF-B7F5-B053C057846C}"
EndProject
Global
	GlobalSection(SolutionConfigurationPlatforms) = preSolution
		Debug|Any CPU = Debug|Any CPU
		Release|Any CPU = Release|Any CPU
	EndGlobalSection
	GlobalSection(ProjectConfigurationPlatforms) = postSolution
		{4423B88D-54D0-4255-A54F-9866082BE6A1}.Debug|Any CPU.ActiveCfg = Debug|Any CPU
		{4423B88D-54D0-4255-A54F-9866082BE6A1}.Debug|Any CPU.Build.0 = Debug|Any CPU
		{4423B88D-54D0-4255-A54F-9866082BE6A1}.Release|Any CPU.ActiveCfg = Release|Any CPU
		{4423B88D-54D0-4255-A54F-9866082BE6A1}.Release|Any CPU.Build.0 = Release|Any CPU
		{AF97CED8-6545-41FF-B7F5-B053C057846C}.Debug|Any CPU.ActiveCfg = Debug|Any CPU
		{AF97CED8-6545-41FF-B7F5-B053C057846C}.Debug|Any CPU.Build.0 = Debug|Any CPU
		{AF97CED8-6545-41FF-B7F5-B053C057846C}.Release|Any CPU.ActiveCfg = Release|Any CPU
		{AF97CED8-6545-41FF-B7F5-B053C057846C}.Release|Any CPU.Build.0 = Release|Any CPU
	EndGlobalSection
	GlobalSection(SolutionProperties) = preSolution
		HideSolutionNode = FALSE
	EndGlobalSection
	GlobalSection(NestedProjects) = preSolution
		{4423B88D-54D0-4255-A54F-9866082BE6A1} = {02EA681E-C7D8-13C7-8484-4AC65E1B71E8}
		{AF97CED8-6545-41FF-B7F5-B053C057846C} = {0CE20260-0087-4D3E-B104-0A4FB1BFE402}
	EndGlobalSection
	GlobalSection(ExtensibilityGlobals) = postSolution
		SolutionGuid = {4AC62084-66FC-417F-96CF-EB07B48C3EB8}
	EndGlobalSection
EndGlobal
